<?xml version="1.0" encoding="utf-8"?>
<Project ToolsVersion="4.0" xmlns="http://schemas.microsoft.com/developer/msbuild/2003">
  <ItemGroup>
    <Filter Include="Source Files">
      <UniqueIdentifier>{4FC737F1-C7A5-4376-A066-2A32D752A2FF}</UniqueIdentifier>
      <Extensions>cpp;c;cc;cxx;def;odl;idl;hpj;bat;asm;asmx</Extensions>
    </Filter>
    <Filter Include="Header Files">
      <UniqueIdentifier>{93995380-89BD-4b04-88EB-625FBE52EBFB}</UniqueIdentifier>
      <Extensions>h;hpp;hxx;hm;inl;inc;xsd</Extensions>
    </Filter>
    <Filter Include="Resource Files">
      <UniqueIdentifier>{67DA6AB6-F800-4c08-8B7A-83BB121AAD01}</UniqueIdentifier>
      <Extensions>rc;ico;cur;bmp;dlg;rc2;rct;bin;rgs;gif;jpg;jpeg;jpe;resx;tiff;tif;png;wav</Extensions>
    </Filter>
    <Filter Include="Common">
      <UniqueIdentifier>{2c7d6da7-46a2-494f-add2-d05f2b34093a}</UniqueIdentifier>
    </Filter>
  </ItemGroup>
  <ItemGroup>
    <ClCompile Include="Common\dsutil.cpp">
      <Filter>Source Files</Filter>
    </ClCompile>
    <ClCompile Include="Sources\dxAnimation.cpp">
      <Filter>Source Files</Filter>
    </ClCompile>
    <ClCompile Include="Sources\dxBackBuffer.cpp">
      <Filter>Source Files</Filter>
    </ClCompile>
    <ClCompile Include="Sources\dxCamera.cpp">
      <Filter>Source Files</Filter>
    </ClCompile>
    <ClCompile Include="Sources\dxCircle.cpp">
      <Filter>Source Files</Filter>
    </ClCompile>
    <ClCompile Include="Sources\dxCustomVertex.cpp">
      <Filter>Source Files</Filter>
    </ClCompile>
    <ClCompile Include="Sources\dxD3DInitialize.cpp">
      <Filter>Source Files</Filter>
    </ClCompile>
    <ClCompile Include="Sources\dxD3DSettingsDlg.cpp">
      <Filter>Source Files</Filter>
    </ClCompile>
    <ClCompile Include="Sources\dxGameMgr.cpp">
      <Filter>Source Files</Filter>
    </ClCompile>
    <ClCompile Include="Sources\dxInput.cpp">
      <Filter>Source Files</Filter>
    </ClCompile>
    <ClCompile Include="Sources\dxLight.cpp">
      <Filter>Source Files</Filter>
    </ClCompile>
    <ClCompile Include="Sources\dxMenu.cpp">
      <Filter>Source Files</Filter>
    </ClCompile>
    <ClCompile Include="Sources\dxMeshAnimation.cpp">
      <Filter>Source Files</Filter>
    </ClCompile>
    <ClCompile Include="Sources\dxMeshHierarchy.cpp">
      <Filter>Source Files</Filter>
    </ClCompile>
    <ClCompile Include="Sources\dxMeshTree.cpp">
      <Filter>Source Files</Filter>
    </ClCompile>
    <ClCompile Include="Sources\dxMgr.cpp">
      <Filter>Source Files</Filter>
    </ClCompile>
    <ClCompile Include="Sources\dxModel.cpp">
      <Filter>Source Files</Filter>
    </ClCompile>
    <ClCompile Include="Sources\dxObject.cpp">
      <Filter>Source Files</Filter>
    </ClCompile>
    <ClCompile Include="Sources\dxParticle.cpp">
      <Filter>Source Files</Filter>
    </ClCompile>
    <ClCompile Include="Sources\dxPlane.cpp">
      <Filter>Source Files</Filter>
    </ClCompile>
    <ClCompile Include="Sources\dxPlayer.cpp">
      <Filter>Source Files</Filter>
    </ClCompile>
    <ClCompile Include="Sources\dxRect.cpp">
      <Filter>Source Files</Filter>
    </ClCompile>
    <ClCompile Include="Sources\dxShape.cpp">
      <Filter>Source Files</Filter>
    </ClCompile>
    <ClCompile Include="Sources\dxSound.cpp">
      <Filter>Source Files</Filter>
    </ClCompile>
    <ClCompile Include="Sources\dxSprite.cpp">
      <Filter>Source Files</Filter>
    </ClCompile>
    <ClCompile Include="Sources\dxTerrain.cpp">
      <Filter>Source Files</Filter>
    </ClCompile>
    <ClCompile Include="Sources\dxText.cpp">
      <Filter>Source Files</Filter>
    </ClCompile>
    <ClCompile Include="Sources\dxTexture.cpp">
      <Filter>Source Files</Filter>
    </ClCompile>
    <ClCompile Include="Sources\dxTimer.cpp">
      <Filter>Source Files</Filter>
    </ClCompile>
    <ClCompile Include="Sources\dxutil.cpp">
      <Filter>Source Files</Filter>
    </ClCompile>
    <ClCompile Include="Sources\dxUtility.cpp">
      <Filter>Source Files</Filter>
    </ClCompile>
    <ClCompile Include="Sources\dxVec2D.cpp">
      <Filter>Source Files</Filter>
    </ClCompile>
    <ClCompile Include="Sources\dxWorldTransformation.cpp">
      <Filter>Source Files</Filter>
    </ClCompile>
    <ClCompile Include="Sources\winMain.cpp">
      <Filter>Source Files</Filter>
    </ClCompile>
    <ClCompile Include="Sources\dxScene.cpp">
      <Filter>Source Files</Filter>
    </ClCompile>
    <ClCompile Include="Sources\dxStrings.cpp">
      <Filter>Source Files</Filter>
    </ClCompile>
  </ItemGroup>
  <ItemGroup>
    <ClInclude Include="Includes\dsutil.h">
      <Filter>Header Files</Filter>
    </ClInclude>
    <ClInclude Include="Includes\dxAnimation.h">
      <Filter>Header Files</Filter>
    </ClInclude>
    <ClInclude Include="Includes\dxBackBuffer.h">
      <Filter>Header Files</Filter>
    </ClInclude>
    <ClInclude Include="Includes\dxCamera.h">
      <Filter>Header Files</Filter>
    </ClInclude>
    <ClInclude Include="Includes\dxCircle.h">
      <Filter>Header Files</Filter>
    </ClInclude>
    <ClInclude Include="Includes\dxCustomVertex.h">
      <Filter>Header Files</Filter>
    </ClInclude>
    <ClInclude Include="Includes\dxD3DInitialize.h">
      <Filter>Header Files</Filter>
    </ClInclude>
    <ClInclude Include="Includes\dxD3DSettingsDlg.h">
      <Filter>Header Files</Filter>
    </ClInclude>
    <ClInclude Include="Includes\dxGameMgr.h">
      <Filter>Header Files</Filter>
    </ClInclude>
    <ClInclude Include="Includes\dxInput.h">
      <Filter>Header Files</Filter>
    </ClInclude>
    <ClInclude Include="Includes\dxLight.h">
      <Filter>Header Files</Filter>
    </ClInclude>
    <ClInclude Include="Includes\dxMenu.h">
      <Filter>Header Files</Filter>
    </ClInclude>
    <ClInclude Include="Includes\dxMeshAnimation.h">
      <Filter>Header Files</Filter>
    </ClInclude>
    <ClInclude Include="Includes\dxMeshHierarchy.h">
      <Filter>Header Files</Filter>
    </ClInclude>
    <ClInclude Include="Includes\dxMeshStructures.h">
      <Filter>Header Files</Filter>
    </ClInclude>
    <ClInclude Include="Includes\dxMeshTree.h">
      <Filter>Header Files</Filter>
    </ClInclude>
    <ClInclude Include="Includes\dxMgr.h">
      <Filter>Header Files</Filter>
    </ClInclude>
    <ClInclude Include="Includes\dxModel.h">
      <Filter>Header Files</Filter>
    </ClInclude>
    <ClInclude Include="Includes\dxObject.h">
      <Filter>Header Files</Filter>
    </ClInclude>
    <ClInclude Include="Includes\dxParticle.h">
      <Filter>Header Files</Filter>
    </ClInclude>
    <ClInclude Include="Includes\dxPlane.h">
      <Filter>Header Files</Filter>
    </ClInclude>
    <ClInclude Include="Includes\dxPlayer.h">
      <Filter>Header Files</Filter>
    </ClInclude>
    <ClInclude Include="Includes\dxRect.h">
      <Filter>Header Files</Filter>
    </ClInclude>
    <ClInclude Include="Includes\dxShape.h">
      <Filter>Header Files</Filter>
    </ClInclude>
    <ClInclude Include="Includes\dxSound.h">
      <Filter>Header Files</Filter>
    </ClInclude>
    <ClInclude Include="Includes\dxSprite.h">
      <Filter>Header Files</Filter>
    </ClInclude>
    <ClInclude Include="Includes\dxTerrain.h">
      <Filter>Header Files</Filter>
    </ClInclude>
    <ClInclude Include="Includes\dxText.h">
      <Filter>Header Files</Filter>
    </ClInclude>
    <ClInclude Include="Includes\dxTexture.h">
      <Filter>Header Files</Filter>
    </ClInclude>
    <ClInclude Include="Includes\dxTimer.h">
      <Filter>Header Files</Filter>
    </ClInclude>
    <ClInclude Include="Includes\dxutil.h">
      <Filter>Header Files</Filter>
    </ClInclude>
    <ClInclude Include="Includes\dxUtility.h">
      <Filter>Header Files</Filter>
    </ClInclude>
    <ClInclude Include="Includes\dxVec2D.h">
      <Filter>Header Files</Filter>
    </ClInclude>
    <ClInclude Include="Includes\dxWorldTransformation.h">
      <Filter>Header Files</Filter>
    </ClInclude>
    <ClInclude Include="Includes\winMain.h">
      <Filter>Header Files</Filter>
    </ClInclude>
    <ClInclude Include="Resources\resource.h">
      <Filter>Resource Files</Filter>
    </ClInclude>
    <ClInclude Include="Common\dsutil.h">
      <Filter>Common</Filter>
    </ClInclude>
    <ClInclude Include="Common\dxDirectives.h">
      <Filter>Common</Filter>
    </ClInclude>
    <ClInclude Include="Common\dxTypes.h">
      <Filter>Common</Filter>
    </ClInclude>
    <ClInclude Include="Common\dxutil.h">
      <Filter>Common</Filter>
    </ClInclude>
    <ClInclude Include="Includes\dxScene.h">
      <Filter>Header Files</Filter>
    </ClInclude>
    <ClInclude Include="Includes\dxStrings.h">
      <Filter>Header Files</Filter>
    </ClInclude>
    <ClInclude Include="dxCCollision.h">
      <Filter>Header Files</Filter>
    </ClInclude>
  </ItemGroup>
  <ItemGroup>
    <None Include="Resources\directx.ico">
      <Filter>Resource Files</Filter>
    </None>
  </ItemGroup>
  <ItemGroup>
    <ResourceCompile Include="Resources\DX_FRAMEWORK_v3.rc">
      <Filter>Resource Files</Filter>
    </ResourceCompile>
  </ItemGroup>
</Project>